
Microsoft Visual Studio Solution File, Format Version 12.00
# Visual Studio Version 17
VisualStudioVersion = 17.6.33829.357
MinimumVisualStudioVersion = 10.0.40219.1
Project("{FAE04EC0-301F-11D3-BF4B-00C04F79EFBC}") = "SistemaCartorio", "SistemaCartorio.csproj", "{0A8C3CB8-8832-4465-99EE-C4B2142178FD}"
EndProject
Global
	GlobalSection(SolutionConfigurationPlatforms) = preSolution
		Debug|Any CPU = Debug|Any CPU
		Release|Any CPU = Release|Any CPU
	EndGlobalSection
	GlobalSection(ProjectConfigurationPlatforms) = postSolution
		{0A8C3CB8-8832-4465-99EE-C4B2142178FD}.Debug|Any CPU.ActiveCfg = Debug|Any CPU
		{0A8C3CB8-8832-4465-99EE-C4B2142178FD}.Debug|Any CPU.Build.0 = Debug|Any CPU
		{0A8C3CB8-8832-4465-99EE-C4B2142178FD}.Release|Any CPU.ActiveCfg = Release|Any CPU
		{0A8C3CB8-8832-4465-99EE-C4B2142178FD}.Release|Any CPU.Build.0 = Release|Any CPU
	EndGlobalSection
	GlobalSection(SolutionProperties) = preSolution
		HideSolutionNode = FALSE
	EndGlobalSection
	GlobalSection(ExtensibilityGlobals) = postSolution
		SolutionGuid = {C8C36E95-CC18-4A0A-A805-DF3054177A14}
	EndGlobalSection
EndGlobal
